Microsoft Visual Studio Solution File, Format Version 12.00
# Visual Studio Version 17
VisualStudioVersion = 17.5.2.0
MinimumVisualStudioVersion = 10.0.40219.1
Project("{FAE04EC0-301F-11D3-BF4B-00C04F79EFBC}") = "DicomServerDemo", "DicomServerDemo.csproj", "{EC567290-E32C-1C1D-F122-7636DED16634}"
EndProject
Global
	GlobalSection(SolutionConfigurationPlatforms) = preSolution
		Debug|Any CPU = Debug|Any CPU
		Release|Any CPU = Release|Any CPU
	EndGlobalSection
	GlobalSection(ProjectConfigurationPlatforms) = postSolution
		{EC567290-E32C-1C1D-F122-7636DED16634}.Debug|Any CPU.ActiveCfg = Debug|Any CPU
		{EC567290-E32C-1C1D-F122-7636DED16634}.Debug|Any CPU.Build.0 = Debug|Any CPU
		{EC567290-E32C-1C1D-F122-7636DED16634}.Release|Any CPU.ActiveCfg = Release|Any CPU
		{EC567290-E32C-1C1D-F122-7636DED16634}.Release|Any CPU.Build.0 = Release|Any CPU
	EndGlobalSection
	GlobalSection(SolutionProperties) = preSolution
		HideSolutionNode = FALSE
	EndGlobalSection
	GlobalSection(ExtensibilityGlobals) = postSolution
		SolutionGuid = {F958B398-CE78-4282-B5B1-DE3C26D7667D}
	EndGlobalSection
EndGlobal
